
Microsoft Visual Studio Solution File, Format Version 12.00
# Visual Studio 15
VisualStudioVersion = 15.0.27004.2002
MinimumVisualStudioVersion = 10.0.40219.1
Project("{D954291E-2A0B-460D-934E-DC6B0785DB48}") = "AETracker___XamarinApp", "AETracker - XamarinApp\AETracker___XamarinApp\AETracker___XamarinApp.shproj", "{D00C70E9-1525-4989-8003-7A4BA1B9DFDF}"
EndProject
Project("{FAE04EC0-301F-11D3-BF4B-00C04F79EFBC}") = "AETracker___XamarinApp.Android", "AETracker - XamarinApp\AETracker___XamarinApp.Android\AETracker___XamarinApp.Android.csproj", "{719151D3-BFF6-4805-95D4-17B72632FD4B}"
EndProject
Project("{FAE04EC0-301F-11D3-BF4B-00C04F79EFBC}") = "AETracker___XamarinApp.iOS", "AETracker - XamarinApp\AETracker___XamarinApp.iOS\AETracker___XamarinApp.iOS.csproj", "{15035609-1A13-402D-932B-4574144C36AF}"
EndProject
Project("{FAE04EC0-301F-11D3-BF4B-00C04F79EFBC}") = "AETracker___XamarinApp.UWP", "AETracker - XamarinApp\AETracker___XamarinApp.UWP\AETracker___XamarinApp.UWP.csproj", "{22DF0EB3-0810-4C3C-B784-71E2207FAB44}"
EndProject
Global
	GlobalSection(SharedMSBuildProjectFiles) = preSolution
		AETracker - XamarinApp\AETracker___XamarinApp\AETracker___XamarinApp.projitems*{15035609-1a13-402d-932b-4574144c36af}*SharedItemsImports = 4
		AETracker - XamarinApp\AETracker___XamarinApp\AETracker___XamarinApp.projitems*{22df0eb3-0810-4c3c-b784-71e2207fab44}*SharedItemsImports = 4
		AETracker - XamarinApp\AETracker___XamarinApp\AETracker___XamarinApp.projitems*{719151d3-bff6-4805-95d4-17b72632fd4b}*SharedItemsImports = 4
		AETracker - XamarinApp\AETracker___XamarinApp\AETracker___XamarinApp.projitems*{d00c70e9-1525-4989-8003-7a4ba1b9dfdf}*SharedItemsImports = 13
	EndGlobalSection
	GlobalSection(SolutionConfigurationPlatforms) = preSolution
		Ad-Hoc|Any CPU = Ad-Hoc|Any CPU
		Ad-Hoc|ARM = Ad-Hoc|ARM
		Ad-Hoc|iPhone = Ad-Hoc|iPhone
		Ad-Hoc|iPhoneSimulator = Ad-Hoc|iPhoneSimulator
		Ad-Hoc|x64 = Ad-Hoc|x64
		Ad-Hoc|x86 = Ad-Hoc|x86
		AppStore|Any CPU = AppStore|Any CPU
		AppStore|ARM = AppStore|ARM
		AppStore|iPhone = AppStore|iPhone
		AppStore|iPhoneSimulator = AppStore|iPhoneSimulator
		AppStore|x64 = AppStore|x64
		AppStore|x86 = AppStore|x86
		Debug|Any CPU = Debug|Any CPU
		Debug|ARM = Debug|ARM
		Debug|iPhone = Debug|iPhone
		Debug|iPhoneSimulator = Debug|iPhoneSimulator
		Debug|x64 = Debug|x64
		Debug|x86 = Debug|x86
		Release|Any CPU = Release|Any CPU
		Release|ARM = Release|ARM
		Release|iPhone = Release|iPhone
		Release|iPhoneSimulator = Release|iPhoneSimulator
		Release|x64 = Release|x64
		Release|x86 = Release|x86
	EndGlobalSection
	GlobalSection(ProjectConfigurationPlatforms) = postSolution
		{719151D3-BFF6-4805-95D4-17B72632FD4B}.Ad-Hoc|Any CPU.ActiveCfg = Release|Any CPU
		{719151D3-BFF6-4805-95D4-17B72632FD4B}.Ad-Hoc|Any CPU.Build.0 = Release|Any CPU
		{719151D3-BFF6-4805-95D4-17B72632FD4B}.Ad-Hoc|Any CPU.Deploy.0 = Release|Any CPU
		{719151D3-BFF6-4805-95D4-17B72632FD4B}.Ad-Hoc|ARM.ActiveCfg = Release|Any CPU
		{719151D3-BFF6-4805-95D4-17B72632FD4B}.Ad-Hoc|ARM.Build.0 = Release|Any CPU
		{719151D3-BFF6-4805-95D4-17B72632FD4B}.Ad-Hoc|ARM.Deploy.0 = Release|Any CPU
		{719151D3-BFF6-4805-95D4-17B72632FD4B}.Ad-Hoc|iPhone.ActiveCfg = Release|Any CPU
		{719151D3-BFF6-4805-95D4-17B72632FD4B}.Ad-Hoc|iPhone.Build.0 = Release|Any CPU
		{719151D3-BFF6-4805-95D4-17B72632FD4B}.Ad-Hoc|iPhone.Deploy.0 = Release|Any CPU
		{719151D3-BFF6-4805-95D4-17B72632FD4B}.Ad-Hoc|iPhoneSimulator.ActiveCfg = Release|Any CPU
		{719151D3-BFF6-4805-95D4-17B72632FD4B}.Ad-Hoc|iPhoneSimulator.Build.0 = Release|Any CPU
		{719151D3-BFF6-4805-95D4-17B72632FD4B}.Ad-Hoc|iPhoneSimulator.Deploy.0 = Release|Any CPU
		{719151D3-BFF6-4805-95D4-17B72632FD4B}.Ad-Hoc|x64.ActiveCfg = Release|Any CPU
		{719151D3-BFF6-4805-95D4-17B72632FD4B}.Ad-Hoc|x64.Build.0 = Release|Any CPU
		{719151D3-BFF6-4805-95D4-17B72632FD4B}.Ad-Hoc|x64.Deploy.0 = Release|Any CPU
		{719151D3-BFF6-4805-95D4-17B72632FD4B}.Ad-Hoc|x86.ActiveCfg = Release|Any CPU
		{719151D3-BFF6-4805-95D4-17B72632FD4B}.Ad-Hoc|x86.Build.0 = Release|Any CPU
		{719151D3-BFF6-4805-95D4-17B72632FD4B}.Ad-Hoc|x86.Deploy.0 = Release|Any CPU
		{719151D3-BFF6-4805-95D4-17B72632FD4B}.AppStore|Any CPU.ActiveCfg = Release|Any CPU
		{719151D3-BFF6-4805-95D4-17B72632FD4B}.AppStore|Any CPU.Build.0 = Release|Any CPU
		{719151D3-BFF6-4805-95D4-17B72632FD4B}.AppStore|Any CPU.Deploy.0 = Release|Any CPU
		{719151D3-BFF6-4805-95D4-17B72632FD4B}.AppStore|ARM.ActiveCfg = Release|Any CPU
		{719151D3-BFF6-4805-95D4-17B72632FD4B}.AppStore|ARM.Build.0 = Release|Any CPU
		{719151D3-BFF6-4805-95D4-17B72632FD4B}.AppStore|ARM.Deploy.0 = Release|Any CPU
		{719151D3-BFF6-4805-95D4-17B72632FD4B}.AppStore|iPhone.ActiveCfg = Release|Any CPU
		{719151D3-BFF6-4805-95D4-17B72632FD4B}.AppStore|iPhone.Build.0 = Release|Any CPU
		{719151D3-BFF6-4805-95D4-17B72632FD4B}.AppStore|iPhone.Deploy.0 = Release|Any CPU
		{719151D3-BFF6-4805-95D4-17B72632FD4B}.AppStore|iPhoneSimulator.ActiveCfg = Release|Any CPU
		{719151D3-BFF6-4805-95D4-17B72632FD4B}.AppStore|iPhoneSimulator.Build.0 = Release|Any CPU
		{719151D3-BFF6-4805-95D4-17B72632FD4B}.AppStore|iPhoneSimulator.Deploy.0 = Release|Any CPU
		{719151D3-BFF6-4805-95D4-17B72632FD4B}.AppStore|x64.ActiveCfg = Release|Any CPU
		{719151D3-BFF6-4805-95D4-17B72632FD4B}.AppStore|x64.Build.0 = Release|Any CPU
		{719151D3-BFF6-4805-95D4-17B72632FD4B}.AppStore|x64.Deploy.0 = Release|Any CPU
		{719151D3-BFF6-4805-95D4-17B72632FD4B}.AppStore|x86.ActiveCfg = Release|Any CPU
		{719151D3-BFF6-4805-95D4-17B72632FD4B}.AppStore|x86.Build.0 = Release|Any CPU
		{719151D3-BFF6-4805-95D4-17B72632FD4B}.AppStore|x86.Deploy.0 = Release|Any CPU
		{719151D3-BFF6-4805-95D4-17B72632FD4B}.Debug|Any CPU.ActiveCfg = Debug|Any CPU
		{719151D3-BFF6-4805-95D4-17B72632FD4B}.Debug|Any CPU.Build.0 = Debug|Any CPU
		{719151D3-BFF6-4805-95D4-17B72632FD4B}.Debug|Any CPU.Deploy.0 = Debug|Any CPU
		{719151D3-BFF6-4805-95D4-17B72632FD4B}.Debug|ARM.ActiveCfg = Debug|Any CPU
		{719151D3-BFF6-4805-95D4-17B72632FD4B}.Debug|ARM.Build.0 = Debug|Any CPU
		{719151D3-BFF6-4805-95D4-17B72632FD4B}.Debug|ARM.Deploy.0 = Debug|Any CPU
		{719151D3-BFF6-4805-95D4-17B72632FD4B}.Debug|iPhone.ActiveCfg = Debug|Any CPU
		{719151D3-BFF6-4805-95D4-17B72632FD4B}.Debug|iPhone.Build.0 = Debug|Any CPU
		{719151D3-BFF6-4805-95D4-17B72632FD4B}.Debug|iPhone.Deploy.0 = Debug|Any CPU
		{719151D3-BFF6-4805-95D4-17B72632FD4B}.Debug|iPhoneSimulator.ActiveCfg = Debug|Any CPU
		{719151D3-BFF6-4805-95D4-17B72632FD4B}.Debug|iPhoneSimulator.Build.0 = Debug|Any CPU
		{719151D3-BFF6-4805-95D4-17B72632FD4B}.Debug|iPhoneSimulator.Deploy.0 = Debug|Any CPU
		{719151D3-BFF6-4805-95D4-17B72632FD4B}.Debug|x64.ActiveCfg = Debug|Any CPU
		{719151D3-BFF6-4805-95D4-17B72632FD4B}.Debug|x64.Build.0 = Debug|Any CPU
		{719151D3-BFF6-4805-95D4-17B72632FD4B}.Debug|x64.Deploy.0 = Debug|Any CPU
		{719151D3-BFF6-4805-95D4-17B72632FD4B}.Debug|x86.ActiveCfg = Debug|Any CPU
		{719151D3-BFF6-4805-95D4-17B72632FD4B}.Debug|x86.Build.0 = Debug|Any CPU
		{719151D3-BFF6-4805-95D4-17B72632FD4B}.Debug|x86.Deploy.0 = Debug|Any CPU
		{719151D3-BFF6-4805-95D4-17B72632FD4B}.Release|Any CPU.ActiveCfg = Release|Any CPU
		{719151D3-BFF6-4805-95D4-17B72632FD4B}.Release|Any CPU.Build.0 = Release|Any CPU
		{719151D3-BFF6-4805-95D4-17B72632FD4B}.Release|Any CPU.Deploy.0 = Release|Any CPU
		{719151D3-BFF6-4805-95D4-17B72632FD4B}.Release|ARM.ActiveCfg = Release|Any CPU
		{719151D3-BFF6-4805-95D4-17B72632FD4B}.Release|ARM.Build.0 = Release|Any CPU
		{719151D3-BFF6-4805-95D4-17B72632FD4B}.Release|ARM.Deploy.0 = Release|Any CPU
		{719151D3-BFF6-4805-95D4-17B72632FD4B}.Release|iPhone.ActiveCfg = Release|Any CPU
		{719151D3-BFF6-4805-95D4-17B72632FD4B}.Release|iPhone.Build.0 = Release|Any CPU
		{719151D3-BFF6-4805-95D4-17B72632FD4B}.Release|iPhone.Deploy.0 = Release|Any CPU
		{719151D3-BFF6-4805-95D4-17B72632FD4B}.Release|iPhoneSimulator.ActiveCfg = Release|Any CPU
		{719151D3-BFF6-4805-95D4-17B72632FD4B}.Release|iPhoneSimulator.Build.0 = Release|Any CPU
		{719151D3-BFF6-4805-95D4-17B72632FD4B}.Release|iPhoneSimulator.Deploy.0 = Release|Any CPU
		{719151D3-BFF6-4805-95D4-17B72632FD4B}.Release|x64.ActiveCfg = Release|Any CPU
		{719151D3-BFF6-4805-95D4-17B72632FD4B}.Release|x64.Build.0 = Release|Any CPU
		{719151D3-BFF6-4805-95D4-17B72632FD4B}.Release|x64.Deploy.0 = Release|Any CPU
		{719151D3-BFF6-4805-95D4-17B72632FD4B}.Release|x86.ActiveCfg = Release|Any CPU
		{719151D3-BFF6-4805-95D4-17B72632FD4B}.Release|x86.Build.0 = Release|Any CPU
		{719151D3-BFF6-4805-95D4-17B72632FD4B}.Release|x86.Deploy.0 = Release|Any CPU
		{15035609-1A13-402D-932B-4574144C36AF}.Ad-Hoc|Any CPU.ActiveCfg = Ad-Hoc|iPhoneSimulator
		{15035609-1A13-402D-932B-4574144C36AF}.Ad-Hoc|ARM.ActiveCfg = Ad-Hoc|iPhone
		{15035609-1A13-402D-932B-4574144C36AF}.Ad-Hoc|iPhone.ActiveCfg = Ad-Hoc|iPhone
		{15035609-1A13-402D-932B-4574144C36AF}.Ad-Hoc|iPhone.Build.0 = Ad-Hoc|iPhone
		{15035609-1A13-402D-932B-4574144C36AF}.Ad-Hoc|iPhoneSimulator.ActiveCfg = Ad-Hoc|iPhoneSimulator
		{15035609-1A13-402D-932B-4574144C36AF}.Ad-Hoc|iPhoneSimulator.Build.0 = Ad-Hoc|iPhoneSimulator
		{15035609-1A13-402D-932B-4574144C36AF}.Ad-Hoc|x64.ActiveCfg = Ad-Hoc|iPhone
		{15035609-1A13-402D-932B-4574144C36AF}.Ad-Hoc|x86.ActiveCfg = Ad-Hoc|iPhone
		{15035609-1A13-402D-932B-4574144C36AF}.AppStore|Any CPU.ActiveCfg = AppStore|iPhoneSimulator
		{15035609-1A13-402D-932B-4574144C36AF}.AppStore|ARM.ActiveCfg = AppStore|iPhone
		{15035609-1A13-402D-932B-4574144C36AF}.AppStore|iPhone.ActiveCfg = AppStore|iPhone
		{15035609-1A13-402D-932B-4574144C36AF}.AppStore|iPhone.Build.0 = AppStore|iPhone
		{15035609-1A13-402D-932B-4574144C36AF}.AppStore|iPhoneSimulator.ActiveCfg = AppStore|iPhoneSimulator
		{15035609-1A13-402D-932B-4574144C36AF}.AppStore|iPhoneSimulator.Build.0 = AppStore|iPhoneSimulator
		{15035609-1A13-402D-932B-4574144C36AF}.AppStore|x64.ActiveCfg = AppStore|iPhone
		{15035609-1A13-402D-932B-4574144C36AF}.AppStore|x86.ActiveCfg = AppStore|iPhone
		{15035609-1A13-402D-932B-4574144C36AF}.Debug|Any CPU.ActiveCfg = Debug|iPhoneSimulator
		{15035609-1A13-402D-932B-4574144C36AF}.Debug|ARM.ActiveCfg = Debug|iPhone
		{15035609-1A13-402D-932B-4574144C36AF}.Debug|iPhone.ActiveCfg = Debug|iPhone
		{15035609-1A13-402D-932B-4574144C36AF}.Debug|iPhone.Build.0 = Debug|iPhone
		{15035609-1A13-402D-932B-4574144C36AF}.Debug|iPhoneSimulator.ActiveCfg = Debug|iPhoneSimulator
		{15035609-1A13-402D-932B-4574144C36AF}.Debug|iPhoneSimulator.Build.0 = Debug|iPhoneSimulator
		{15035609-1A13-402D-932B-4574144C36AF}.Debug|x64.ActiveCfg = Debug|iPhone
		{15035609-1A13-402D-932B-4574144C36AF}.Debug|x86.ActiveCfg = Debug|iPhone
		{15035609-1A13-402D-932B-4574144C36AF}.Release|Any CPU.ActiveCfg = Release|iPhoneSimulator
		{15035609-1A13-402D-932B-4574144C36AF}.Release|ARM.ActiveCfg = Release|iPhone
		{15035609-1A13-402D-932B-4574144C36AF}.Release|iPhone.ActiveCfg = Release|iPhone
		{15035609-1A13-402D-932B-4574144C36AF}.Release|iPhone.Build.0 = Release|iPhone
		{15035609-1A13-402D-932B-4574144C36AF}.Release|iPhoneSimulator.ActiveCfg = Release|iPhoneSimulator
		{15035609-1A13-402D-932B-4574144C36AF}.Release|iPhoneSimulator.Build.0 = Release|iPhoneSimulator
		{15035609-1A13-402D-932B-4574144C36AF}.Release|x64.ActiveCfg = Release|iPhone
		{15035609-1A13-402D-932B-4574144C36AF}.Release|x86.ActiveCfg = Release|iPhone
		{22DF0EB3-0810-4C3C-B784-71E2207FAB44}.Ad-Hoc|Any CPU.ActiveCfg = Release|x86
		{22DF0EB3-0810-4C3C-B784-71E2207FAB44}.Ad-Hoc|Any CPU.Build.0 = Release|x86
		{22DF0EB3-0810-4C3C-B784-71E2207FAB44}.Ad-Hoc|Any CPU.Deploy.0 = Release|x86
		{22DF0EB3-0810-4C3C-B784-71E2207FAB44}.Ad-Hoc|ARM.ActiveCfg = Release|ARM
		{22DF0EB3-0810-4C3C-B784-71E2207FAB44}.Ad-Hoc|ARM.Build.0 = Release|ARM
		{22DF0EB3-0810-4C3C-B784-71E2207FAB44}.Ad-Hoc|ARM.Deploy.0 = Release|ARM
		{22DF0EB3-0810-4C3C-B784-71E2207FAB44}.Ad-Hoc|iPhone.ActiveCfg = Release|x86
		{22DF0EB3-0810-4C3C-B784-71E2207FAB44}.Ad-Hoc|iPhone.Build.0 = Release|x86
		{22DF0EB3-0810-4C3C-B784-71E2207FAB44}.Ad-Hoc|iPhone.Deploy.0 = Release|x86
		{22DF0EB3-0810-4C3C-B784-71E2207FAB44}.Ad-Hoc|iPhoneSimulator.ActiveCfg = Release|x86
		{22DF0EB3-0810-4C3C-B784-71E2207FAB44}.Ad-Hoc|iPhoneSimulator.Build.0 = Release|x86
		{22DF0EB3-0810-4C3C-B784-71E2207FAB44}.Ad-Hoc|iPhoneSimulator.Deploy.0 = Release|x86
		{22DF0EB3-0810-4C3C-B784-71E2207FAB44}.Ad-Hoc|x64.ActiveCfg = Release|x64
		{22DF0EB3-0810-4C3C-B784-71E2207FAB44}.Ad-Hoc|x64.Build.0 = Release|x64
		{22DF0EB3-0810-4C3C-B784-71E2207FAB44}.Ad-Hoc|x64.Deploy.0 = Release|x64
		{22DF0EB3-0810-4C3C-B784-71E2207FAB44}.Ad-Hoc|x86.ActiveCfg = Release|x86
		{22DF0EB3-0810-4C3C-B784-71E2207FAB44}.Ad-Hoc|x86.Build.0 = Release|x86
		{22DF0EB3-0810-4C3C-B784-71E2207FAB44}.Ad-Hoc|x86.Deploy.0 = Release|x86
		{22DF0EB3-0810-4C3C-B784-71E2207FAB44}.AppStore|Any CPU.ActiveCfg = Release|x86
		{22DF0EB3-0810-4C3C-B784-71E2207FAB44}.AppStore|Any CPU.Build.0 = Release|x86
		{22DF0EB3-0810-4C3C-B784-71E2207FAB44}.AppStore|Any CPU.Deploy.0 = Release|x86
		{22DF0EB3-0810-4C3C-B784-71E2207FAB44}.AppStore|ARM.ActiveCfg = Release|ARM
		{22DF0EB3-0810-4C3C-B784-71E2207FAB44}.AppStore|ARM.Build.0 = Release|ARM
		{22DF0EB3-0810-4C3C-B784-71E2207FAB44}.AppStore|ARM.Deploy.0 = Release|ARM
		{22DF0EB3-0810-4C3C-B784-71E2207FAB44}.AppStore|iPhone.ActiveCfg = Release|x86
		{22DF0EB3-0810-4C3C-B784-71E2207FAB44}.AppStore|iPhone.Build.0 = Release|x86
		{22DF0EB3-0810-4C3C-B784-71E2207FAB44}.AppStore|iPhone.Deploy.0 = Release|x86
		{22DF0EB3-0810-4C3C-B784-71E2207FAB44}.AppStore|iPhoneSimulator.ActiveCfg = Release|x86
		{22DF0EB3-0810-4C3C-B784-71E2207FAB44}.AppStore|iPhoneSimulator.Build.0 = Release|x86
		{22DF0EB3-0810-4C3C-B784-71E2207FAB44}.AppStore|iPhoneSimulator.Deploy.0 = Release|x86
		{22DF0EB3-0810-4C3C-B784-71E2207FAB44}.AppStore|x64.ActiveCfg = Release|x64
		{22DF0EB3-0810-4C3C-B784-71E2207FAB44}.AppStore|x64.Build.0 = Release|x64
		{22DF0EB3-0810-4C3C-B784-71E2207FAB44}.AppStore|x64.Deploy.0 = Release|x64
		{22DF0EB3-0810-4C3C-B784-71E2207FAB44}.AppStore|x86.ActiveCfg = Release|x86
		{22DF0EB3-0810-4C3C-B784-71E2207FAB44}.AppStore|x86.Build.0 = Release|x86
		{22DF0EB3-0810-4C3C-B784-71E2207FAB44}.AppStore|x86.Deploy.0 = Release|x86
		{22DF0EB3-0810-4C3C-B784-71E2207FAB44}.Debug|Any CPU.ActiveCfg = Debug|x86
		{22DF0EB3-0810-4C3C-B784-71E2207FAB44}.Debug|ARM.ActiveCfg = Debug|ARM
		{22DF0EB3-0810-4C3C-B784-71E2207FAB44}.Debug|ARM.Build.0 = Debug|ARM
		{22DF0EB3-0810-4C3C-B784-71E2207FAB44}.Debug|ARM.Deploy.0 = Debug|ARM
		{22DF0EB3-0810-4C3C-B784-71E2207FAB44}.Debug|iPhone.ActiveCfg = Debug|x86
		{22DF0EB3-0810-4C3C-B784-71E2207FAB44}.Debug|iPhoneSimulator.ActiveCfg = Debug|x86
		{22DF0EB3-0810-4C3C-B784-71E2207FAB44}.Debug|x64.ActiveCfg = Debug|x64
		{22DF0EB3-0810-4C3C-B784-71E2207FAB44}.Debug|x64.Build.0 = Debug|x64
		{22DF0EB3-0810-4C3C-B784-71E2207FAB44}.Debug|x64.Deploy.0 = Debug|x64
		{22DF0EB3-0810-4C3C-B784-71E2207FAB44}.Debug|x86.ActiveCfg = Debug|x86
		{22DF0EB3-0810-4C3C-B784-71E2207FAB44}.Debug|x86.Build.0 = Debug|x86
		{22DF0EB3-0810-4C3C-B784-71E2207FAB44}.Debug|x86.Deploy.0 = Debug|x86
		{22DF0EB3-0810-4C3C-B784-71E2207FAB44}.Release|Any CPU.ActiveCfg = Release|x86
		{22DF0EB3-0810-4C3C-B784-71E2207FAB44}.Release|ARM.ActiveCfg = Release|ARM
		{22DF0EB3-0810-4C3C-B784-71E2207FAB44}.Release|ARM.Build.0 = Release|ARM
		{22DF0EB3-0810-4C3C-B784-71E2207FAB44}.Release|ARM.Deploy.0 = Release|ARM
		{22DF0EB3-0810-4C3C-B784-71E2207FAB44}.Release|iPhone.ActiveCfg = Release|x86
		{22DF0EB3-0810-4C3C-B784-71E2207FAB44}.Release|iPhoneSimulator.ActiveCfg = Release|x86
		{22DF0EB3-0810-4C3C-B784-71E2207FAB44}.Release|x64.ActiveCfg = Release|x64
		{22DF0EB3-0810-4C3C-B784-71E2207FAB44}.Release|x64.Build.0 = Release|x64
		{22DF0EB3-0810-4C3C-B784-71E2207FAB44}.Release|x64.Deploy.0 = Release|x64
		{22DF0EB3-0810-4C3C-B784-71E2207FAB44}.Release|x86.ActiveCfg = Release|x86
		{22DF0EB3-0810-4C3C-B784-71E2207FAB44}.Release|x86.Build.0 = Release|x86
		{22DF0EB3-0810-4C3C-B784-71E2207FAB44}.Release|x86.Deploy.0 = Release|x86
	EndGlobalSection
	GlobalSection(SolutionProperties) = preSolution
		HideSolutionNode = FALSE
	EndGlobalSection
	GlobalSection(ExtensibilityGlobals) = postSolution
		SolutionGuid = {55CDABE3-D51A-4E56-9972-F220AEEF0C31}
	EndGlobalSection
EndGlobal
